
Microsoft Visual Studio Solution File, Format Version 12.00
# Visual Studio Version 17
VisualStudioVersion = 17.8.34525.116
MinimumVisualStudioVersion = 10.0.40219.1
Project("{FAE04EC0-301F-11D3-BF4B-00C04F79EFBC}") = "COMP003A.Assignment3", "COMP003A.Assignment3\COMP003A.Assignment3.csproj", "{B4A4E90F-CE9A-4F43-9FE3-2A3D21945333}"
EndProject
Global
	GlobalSection(SolutionConfigurationPlatforms) = preSolution
		Debug|Any CPU = Debug|Any CPU
		Release|Any CPU = Release|Any CPU
	EndGlobalSection
	GlobalSection(ProjectConfigurationPlatforms) = postSolution
		{B4A4E90F-CE9A-4F43-9FE3-2A3D21945333}.Debug|Any CPU.ActiveCfg = Debug|Any CPU
		{B4A4E90F-CE9A-4F43-9FE3-2A3D21945333}.Debug|Any CPU.Build.0 = Debug|Any CPU
		{B4A4E90F-CE9A-4F43-9FE3-2A3D21945333}.Release|Any CPU.ActiveCfg = Release|Any CPU
		{B4A4E90F-CE9A-4F43-9FE3-2A3D21945333}.Release|Any CPU.Build.0 = Release|Any CPU
	EndGlobalSection
	GlobalSection(SolutionProperties) = preSolution
		HideSolutionNode = FALSE
	EndGlobalSection
	GlobalSection(ExtensibilityGlobals) = postSolution
		SolutionGuid = {8412CD73-EDA6-48F8-9E10-03B98EF2D07D}
	EndGlobalSection
EndGlobal
